
Microsoft Visual Studio Solution File, Format Version 12.00
# Visual Studio Version 17
VisualStudioVersion = 17.4.33122.133
MinimumVisualStudioVersion = 10.0.40219.1
Project("{8BC9CEB8-8B4A-11D0-8D11-00A0C91BC942}") = "FileSystem", "FileSystem\FileSystem.vcxproj", "{E0611A86-2EBF-4ACF-A1EB-567118215533}"
EndProject
Project("{8BC9CEB8-8B4A-11D0-8D11-00A0C91BC942}") = "rastertek", "rastertek\rastertek.vcxproj", "{7F2E86AC-428F-44F3-BB82-07E76D205FD5}"
EndProject
Project("{8BC9CEB8-8B4A-11D0-8D11-00A0C91BC942}") = "D3D12", "D3D12\D3D12.vcxproj", "{234EC75A-8753-443F-B52E-F49E0C3E696A}"
EndProject
Global
	GlobalSection(SolutionConfigurationPlatforms) = preSolution
		Debug|x64 = Debug|x64
		Debug|x86 = Debug|x86
		Release|x64 = Release|x64
		Release|x86 = Release|x86
	EndGlobalSection
	GlobalSection(ProjectConfigurationPlatforms) = postSolution
		{E0611A86-2EBF-4ACF-A1EB-567118215533}.Debug|x64.ActiveCfg = Debug|x64
		{E0611A86-2EBF-4ACF-A1EB-567118215533}.Debug|x64.Build.0 = Debug|x64
		{E0611A86-2EBF-4ACF-A1EB-567118215533}.Debug|x86.ActiveCfg = Debug|Win32
		{E0611A86-2EBF-4ACF-A1EB-567118215533}.Debug|x86.Build.0 = Debug|Win32
		{E0611A86-2EBF-4ACF-A1EB-567118215533}.Release|x64.ActiveCfg = Release|x64
		{E0611A86-2EBF-4ACF-A1EB-567118215533}.Release|x64.Build.0 = Release|x64
		{E0611A86-2EBF-4ACF-A1EB-567118215533}.Release|x86.ActiveCfg = Release|Win32
		{E0611A86-2EBF-4ACF-A1EB-567118215533}.Release|x86.Build.0 = Release|Win32
		{7F2E86AC-428F-44F3-BB82-07E76D205FD5}.Debug|x64.ActiveCfg = Debug|x64
		{7F2E86AC-428F-44F3-BB82-07E76D205FD5}.Debug|x64.Build.0 = Debug|x64
		{7F2E86AC-428F-44F3-BB82-07E76D205FD5}.Debug|x86.ActiveCfg = Debug|Win32
		{7F2E86AC-428F-44F3-BB82-07E76D205FD5}.Debug|x86.Build.0 = Debug|Win32
		{7F2E86AC-428F-44F3-BB82-07E76D205FD5}.Release|x64.ActiveCfg = Release|x64
		{7F2E86AC-428F-44F3-BB82-07E76D205FD5}.Release|x64.Build.0 = Release|x64
		{7F2E86AC-428F-44F3-BB82-07E76D205FD5}.Release|x86.ActiveCfg = Release|Win32
		{7F2E86AC-428F-44F3-BB82-07E76D205FD5}.Release|x86.Build.0 = Release|Win32
		{234EC75A-8753-443F-B52E-F49E0C3E696A}.Debug|x64.ActiveCfg = Debug|x64
		{234EC75A-8753-443F-B52E-F49E0C3E696A}.Debug|x64.Build.0 = Debug|x64
		{234EC75A-8753-443F-B52E-F49E0C3E696A}.Debug|x86.ActiveCfg = Debug|Win32
		{234EC75A-8753-443F-B52E-F49E0C3E696A}.Debug|x86.Build.0 = Debug|Win32
		{234EC75A-8753-443F-B52E-F49E0C3E696A}.Release|x64.ActiveCfg = Release|x64
		{234EC75A-8753-443F-B52E-F49E0C3E696A}.Release|x64.Build.0 = Release|x64
		{234EC75A-8753-443F-B52E-F49E0C3E696A}.Release|x86.ActiveCfg = Release|Win32
		{234EC75A-8753-443F-B52E-F49E0C3E696A}.Release|x86.Build.0 = Release|Win32
	EndGlobalSection
	GlobalSection(SolutionProperties) = preSolution
		HideSolutionNode = FALSE
	EndGlobalSection
	GlobalSection(ExtensibilityGlobals) = postSolution
		SolutionGuid = {DE9BE74C-407D-410D-89D2-9E6488B7EC16}
	EndGlobalSection
EndGlobal
