<?xml version="1.0" encoding="utf-8"?>
<Project ToolsVersion="4.0" xmlns="http://schemas.microsoft.com/developer/msbuild/2003">
  <ItemGroup>
    <Filter Include="소스 파일">
      <UniqueIdentifier>{4FC737F1-C7A5-4376-A066-2A32D752A2FF}</UniqueIdentifier>
      <Extensions>cpp;c;cc;cxx;c++;cppm;ixx;def;odl;idl;hpj;bat;asm;asmx</Extensions>
    </Filter>
    <Filter Include="헤더 파일">
      <UniqueIdentifier>{93995380-89BD-4b04-88EB-625FBE52EBFB}</UniqueIdentifier>
      <Extensions>h;hh;hpp;hxx;h++;hm;inl;inc;ipp;xsd</Extensions>
    </Filter>
    <Filter Include="리소스 파일">
      <UniqueIdentifier>{67DA6AB6-F800-4c08-8B7A-83BB121AAD01}</UniqueIdentifier>
      <Extensions>rc;ico;cur;bmp;dlg;rc2;rct;bin;rgs;gif;jpg;jpeg;jpe;resx;tiff;tif;png;wav;mfcribbon-ms</Extensions>
    </Filter>
    <Filter Include="shaders">
      <UniqueIdentifier>{3c4505b8-4944-45d4-90ce-ab56658d9053}</UniqueIdentifier>
    </Filter>
    <Filter Include="ShaderClass">
      <UniqueIdentifier>{d6bcc56f-6f80-4fe3-8d60-c5fbba5f48a8}</UniqueIdentifier>
    </Filter>
    <Filter Include="pch">
      <UniqueIdentifier>{ac78577a-a6fa-473b-8743-69dca750be37}</UniqueIdentifier>
    </Filter>
    <Filter Include="ModelClass">
      <UniqueIdentifier>{28ebf893-2ee9-4b59-abb0-0b2d476e85c9}</UniqueIdentifier>
    </Filter>
    <Filter Include="DXTK">
      <UniqueIdentifier>{7ec7634b-176a-48d2-832f-081871b1eefa}</UniqueIdentifier>
    </Filter>
  </ItemGroup>
  <ItemGroup>
    <ClInclude Include="System.h">
      <Filter>헤더 파일</Filter>
    </ClInclude>
    <ClInclude Include="Graphics.h">
      <Filter>헤더 파일</Filter>
    </ClInclude>
    <ClInclude Include="Input.h">
      <Filter>헤더 파일</Filter>
    </ClInclude>
    <ClInclude Include="D3D.h">
      <Filter>헤더 파일</Filter>
    </ClInclude>
    <ClInclude Include="Model.h">
      <Filter>헤더 파일</Filter>
    </ClInclude>
    <ClInclude Include="Camera.h">
      <Filter>헤더 파일</Filter>
    </ClInclude>
    <ClInclude Include="ColorShader.h">
      <Filter>ShaderClass</Filter>
    </ClInclude>
    <ClInclude Include="TextureShader.h">
      <Filter>ShaderClass</Filter>
    </ClInclude>
    <ClInclude Include="Texture.h">
      <Filter>헤더 파일</Filter>
    </ClInclude>
    <ClInclude Include="LightShader.h">
      <Filter>ShaderClass</Filter>
    </ClInclude>
    <ClInclude Include="Light.h">
      <Filter>헤더 파일</Filter>
    </ClInclude>
    <ClInclude Include="pch.h">
      <Filter>pch</Filter>
    </ClInclude>
    <ClInclude Include="Bitmap.h">
      <Filter>헤더 파일</Filter>
    </ClInclude>
    <ClInclude Include="Font.h">
      <Filter>헤더 파일</Filter>
    </ClInclude>
    <ClInclude Include="FontShader.h">
      <Filter>ShaderClass</Filter>
    </ClInclude>
    <ClInclude Include="Text.h">
      <Filter>헤더 파일</Filter>
    </ClInclude>
    <ClInclude Include="resource.h">
      <Filter>헤더 파일</Filter>
    </ClInclude>
    <ClInclude Include="Sound.h">
      <Filter>헤더 파일</Filter>
    </ClInclude>
    <ClInclude Include="Fps.h">
      <Filter>헤더 파일</Filter>
    </ClInclude>
    <ClInclude Include="Cpu.h">
      <Filter>헤더 파일</Filter>
    </ClInclude>
    <ClInclude Include="Timer.h">
      <Filter>헤더 파일</Filter>
    </ClInclude>
    <ClInclude Include="ShaderBase.h">
      <Filter>ShaderClass</Filter>
    </ClInclude>
    <ClInclude Include="DualTextureShader.h">
      <Filter>ShaderClass</Filter>
    </ClInclude>
    <ClInclude Include="TextureArray.h">
      <Filter>헤더 파일</Filter>
    </ClInclude>
    <ClInclude Include="LightmapShader.h">
      <Filter>ShaderClass</Filter>
    </ClInclude>
    <ClInclude Include="AlphamapShader.h">
      <Filter>ShaderClass</Filter>
    </ClInclude>
    <ClInclude Include="BumpShader.h">
      <Filter>ShaderClass</Filter>
    </ClInclude>
    <ClInclude Include="BumpModel.h">
      <Filter>ModelClass</Filter>
    </ClInclude>
    <ClInclude Include="ModelLoader.h">
      <Filter>헤더 파일</Filter>
    </ClInclude>
    <ClInclude Include="SpecularmapShader.h">
      <Filter>ShaderClass</Filter>
    </ClInclude>
    <ClInclude Include="RenderTexture.h">
      <Filter>헤더 파일</Filter>
    </ClInclude>
    <ClInclude Include="Quad.h">
      <Filter>헤더 파일</Filter>
    </ClInclude>
    <ClInclude Include="FogShader.h">
      <Filter>ShaderClass</Filter>
    </ClInclude>
    <ClInclude Include="TranslateShader.h">
      <Filter>ShaderClass</Filter>
    </ClInclude>
    <ClInclude Include="TransparentShader.h">
      <Filter>ShaderClass</Filter>
    </ClInclude>
    <ClInclude Include="FadeShader.h">
      <Filter>ShaderClass</Filter>
    </ClInclude>
    <ClInclude Include="ReflectionShader.h">
      <Filter>ShaderClass</Filter>
    </ClInclude>
    <ClInclude Include="MultiLightShader.h">
      <Filter>ShaderClass</Filter>
    </ClInclude>
    <ClInclude Include="Utility.h">
      <Filter>헤더 파일</Filter>
    </ClInclude>
    <ClInclude Include="FireShader.h">
      <Filter>ShaderClass</Filter>
    </ClInclude>
    <ClInclude Include="DXTK\BinaryReader.h">
      <Filter>DXTK</Filter>
    </ClInclude>
    <ClInclude Include="DXTK\DDS.h">
      <Filter>DXTK</Filter>
    </ClInclude>
    <ClInclude Include="DXTK\DDSTextureLoader.h">
      <Filter>DXTK</Filter>
    </ClInclude>
    <ClInclude Include="DXTK\DirectXHelpers.h">
      <Filter>DXTK</Filter>
    </ClInclude>
    <ClInclude Include="DXTK\LoaderHelpers.h">
      <Filter>DXTK</Filter>
    </ClInclude>
    <ClInclude Include="DXTK\PlatformHelpers.h">
      <Filter>DXTK</Filter>
    </ClInclude>
    <ClInclude Include="BlurShader.h">
      <Filter>ShaderClass</Filter>
    </ClInclude>
    <ClInclude Include="WaterShader.h">
      <Filter>ShaderClass</Filter>
    </ClInclude>
    <ClInclude Include="RefractShader.h">
      <Filter>ShaderClass</Filter>
    </ClInclude>
    <ClInclude Include="DepthShader.h">
      <Filter>ShaderClass</Filter>
    </ClInclude>
    <ClInclude Include="GlassShader.h">
      <Filter>ShaderClass</Filter>
    </ClInclude>
  </ItemGroup>
  <ItemGroup>
    <ClCompile Include="System.cpp">
      <Filter>소스 파일</Filter>
    </ClCompile>
    <ClCompile Include="main.cpp">
      <Filter>소스 파일</Filter>
    </ClCompile>
    <ClCompile Include="Graphics.cpp">
      <Filter>소스 파일</Filter>
    </ClCompile>
    <ClCompile Include="Input.cpp">
      <Filter>소스 파일</Filter>
    </ClCompile>
    <ClCompile Include="D3D.cpp">
      <Filter>소스 파일</Filter>
    </ClCompile>
    <ClCompile Include="Model.cpp">
      <Filter>소스 파일</Filter>
    </ClCompile>
    <ClCompile Include="Camera.cpp">
      <Filter>소스 파일</Filter>
    </ClCompile>
    <ClCompile Include="ColorShader.cpp">
      <Filter>ShaderClass</Filter>
    </ClCompile>
    <ClCompile Include="TextureShader.cpp">
      <Filter>ShaderClass</Filter>
    </ClCompile>
    <ClCompile Include="Texture.cpp">
      <Filter>소스 파일</Filter>
    </ClCompile>
    <ClCompile Include="LightShader.cpp">
      <Filter>ShaderClass</Filter>
    </ClCompile>
    <ClCompile Include="Light.cpp">
      <Filter>소스 파일</Filter>
    </ClCompile>
    <ClCompile Include="pch.cpp">
      <Filter>pch</Filter>
    </ClCompile>
    <ClCompile Include="Bitmap.cpp">
      <Filter>소스 파일</Filter>
    </ClCompile>
    <ClCompile Include="Font.cpp">
      <Filter>소스 파일</Filter>
    </ClCompile>
    <ClCompile Include="FontShader.cpp">
      <Filter>ShaderClass</Filter>
    </ClCompile>
    <ClCompile Include="Text.cpp">
      <Filter>소스 파일</Filter>
    </ClCompile>
    <ClCompile Include="Sound.cpp">
      <Filter>소스 파일</Filter>
    </ClCompile>
    <ClCompile Include="Fps.cpp">
      <Filter>소스 파일</Filter>
    </ClCompile>
    <ClCompile Include="Cpu.cpp">
      <Filter>소스 파일</Filter>
    </ClCompile>
    <ClCompile Include="Timer.cpp">
      <Filter>소스 파일</Filter>
    </ClCompile>
    <ClCompile Include="ShaderBase.cpp">
      <Filter>ShaderClass</Filter>
    </ClCompile>
    <ClCompile Include="DualTextureShader.cpp">
      <Filter>ShaderClass</Filter>
    </ClCompile>
    <ClCompile Include="TextureArray.cpp">
      <Filter>소스 파일</Filter>
    </ClCompile>
    <ClCompile Include="LightmapShader.cpp">
      <Filter>ShaderClass</Filter>
    </ClCompile>
    <ClCompile Include="AlphamapShader.cpp">
      <Filter>ShaderClass</Filter>
    </ClCompile>
    <ClCompile Include="BumpShader.cpp">
      <Filter>ShaderClass</Filter>
    </ClCompile>
    <ClCompile Include="BumpModel.cpp">
      <Filter>ModelClass</Filter>
    </ClCompile>
    <ClCompile Include="ModelLoader.cpp">
      <Filter>소스 파일</Filter>
    </ClCompile>
    <ClCompile Include="SpecularmapShader.cpp">
      <Filter>ShaderClass</Filter>
    </ClCompile>
    <ClCompile Include="RenderTexture.cpp">
      <Filter>소스 파일</Filter>
    </ClCompile>
    <ClCompile Include="Quad.cpp">
      <Filter>소스 파일</Filter>
    </ClCompile>
    <ClCompile Include="FogShader.cpp">
      <Filter>ShaderClass</Filter>
    </ClCompile>
    <ClCompile Include="TranslateShader.cpp">
      <Filter>ShaderClass</Filter>
    </ClCompile>
    <ClCompile Include="TransparentShader.cpp">
      <Filter>ShaderClass</Filter>
    </ClCompile>
    <ClCompile Include="FadeShader.cpp">
      <Filter>ShaderClass</Filter>
    </ClCompile>
    <ClCompile Include="ReflectionShader.cpp">
      <Filter>ShaderClass</Filter>
    </ClCompile>
    <ClCompile Include="MultiLightShader.cpp">
      <Filter>ShaderClass</Filter>
    </ClCompile>
    <ClCompile Include="Utility.cpp">
      <Filter>소스 파일</Filter>
    </ClCompile>
    <ClCompile Include="FireShader.cpp">
      <Filter>ShaderClass</Filter>
    </ClCompile>
    <ClCompile Include="DXTK\BinaryReader.cpp">
      <Filter>DXTK</Filter>
    </ClCompile>
    <ClCompile Include="DXTK\DDSTextureLoader.cpp">
      <Filter>DXTK</Filter>
    </ClCompile>
    <ClCompile Include="BlurShader.cpp">
      <Filter>ShaderClass</Filter>
    </ClCompile>
    <ClCompile Include="WaterShader.cpp">
      <Filter>ShaderClass</Filter>
    </ClCompile>
    <ClCompile Include="RefractShader.cpp">
      <Filter>ShaderClass</Filter>
    </ClCompile>
    <ClCompile Include="DepthShader.cpp">
      <Filter>ShaderClass</Filter>
    </ClCompile>
    <ClCompile Include="GlassShader.cpp">
      <Filter>ShaderClass</Filter>
    </ClCompile>
  </ItemGroup>
  <ItemGroup>
    <FxCompile Include="color_vs.hlsl">
      <Filter>shaders</Filter>
    </FxCompile>
    <FxCompile Include="color_ps.hlsl">
      <Filter>shaders</Filter>
    </FxCompile>
    <FxCompile Include="texture_vs.hlsl">
      <Filter>shaders</Filter>
    </FxCompile>
    <FxCompile Include="texture_ps.hlsl">
      <Filter>shaders</Filter>
    </FxCompile>
    <FxCompile Include="light_vs.hlsl">
      <Filter>shaders</Filter>
    </FxCompile>
    <FxCompile Include="light_ps.hlsl">
      <Filter>shaders</Filter>
    </FxCompile>
    <FxCompile Include="font_vs.hlsl">
      <Filter>shaders</Filter>
    </FxCompile>
    <FxCompile Include="font_ps.hlsl">
      <Filter>shaders</Filter>
    </FxCompile>
    <FxCompile Include="dual_vs.hlsl">
      <Filter>shaders</Filter>
    </FxCompile>
    <FxCompile Include="dual_ps.hlsl">
      <Filter>shaders</Filter>
    </FxCompile>
    <FxCompile Include="lightmap_vs.hlsl">
      <Filter>shaders</Filter>
    </FxCompile>
    <FxCompile Include="lightmap_ps.hlsl">
      <Filter>shaders</Filter>
    </FxCompile>
    <FxCompile Include="alphamap_vs.hlsl">
      <Filter>shaders</Filter>
    </FxCompile>
    <FxCompile Include="alphamap_ps.hlsl">
      <Filter>shaders</Filter>
    </FxCompile>
    <FxCompile Include="bump_vs.hlsl">
      <Filter>shaders</Filter>
    </FxCompile>
    <FxCompile Include="bump_ps.hlsl">
      <Filter>shaders</Filter>
    </FxCompile>
    <FxCompile Include="specular_vs.hlsl">
      <Filter>shaders</Filter>
    </FxCompile>
    <FxCompile Include="specular_ps.hlsl">
      <Filter>shaders</Filter>
    </FxCompile>
    <FxCompile Include="fog_vs.hlsl">
      <Filter>shaders</Filter>
    </FxCompile>
    <FxCompile Include="fog_ps.hlsl">
      <Filter>shaders</Filter>
    </FxCompile>
    <FxCompile Include="translate_vs.hlsl">
      <Filter>shaders</Filter>
    </FxCompile>
    <FxCompile Include="translate_ps.hlsl">
      <Filter>shaders</Filter>
    </FxCompile>
    <FxCompile Include="transparent_vs.hlsl">
      <Filter>shaders</Filter>
    </FxCompile>
    <FxCompile Include="transparent_ps.hlsl">
      <Filter>shaders</Filter>
    </FxCompile>
    <FxCompile Include="fade_ps.hlsl">
      <Filter>shaders</Filter>
    </FxCompile>
    <FxCompile Include="fade_vs.hlsl">
      <Filter>shaders</Filter>
    </FxCompile>
    <FxCompile Include="reflection_vs.hlsl">
      <Filter>shaders</Filter>
    </FxCompile>
    <FxCompile Include="reflection_ps.hlsl">
      <Filter>shaders</Filter>
    </FxCompile>
    <FxCompile Include="multi_light_ps.hlsl">
      <Filter>shaders</Filter>
    </FxCompile>
    <FxCompile Include="multi_light_vs.hlsl">
      <Filter>shaders</Filter>
    </FxCompile>
    <FxCompile Include="fire_vs.hlsl">
      <Filter>shaders</Filter>
    </FxCompile>
    <FxCompile Include="fire_ps.hlsl">
      <Filter>shaders</Filter>
    </FxCompile>
    <FxCompile Include="blur_vs.hlsl">
      <Filter>shaders</Filter>
    </FxCompile>
    <FxCompile Include="blur_ps.hlsl">
      <Filter>shaders</Filter>
    </FxCompile>
    <FxCompile Include="color_hs.hlsl">
      <Filter>shaders</Filter>
    </FxCompile>
    <FxCompile Include="color_ds.hlsl">
      <Filter>shaders</Filter>
    </FxCompile>
    <FxCompile Include="water_vs.hlsl">
      <Filter>shaders</Filter>
    </FxCompile>
    <FxCompile Include="water_ps.hlsl">
      <Filter>shaders</Filter>
    </FxCompile>
    <FxCompile Include="refract_vs.hlsl">
      <Filter>shaders</Filter>
    </FxCompile>
    <FxCompile Include="refract_ps.hlsl">
      <Filter>shaders</Filter>
    </FxCompile>
    <FxCompile Include="depth_vs.hlsl">
      <Filter>shaders</Filter>
    </FxCompile>
    <FxCompile Include="depth_ps.hlsl">
      <Filter>shaders</Filter>
    </FxCompile>
    <FxCompile Include="glass_vs.hlsl">
      <Filter>shaders</Filter>
    </FxCompile>
    <FxCompile Include="glass_ps.hlsl">
      <Filter>shaders</Filter>
    </FxCompile>
  </ItemGroup>
  <ItemGroup>
    <ResourceCompile Include="rastertek.rc">
      <Filter>리소스 파일</Filter>
    </ResourceCompile>
  </ItemGroup>
  <ItemGroup>
    <None Include="blur.hlsli">
      <Filter>shaders</Filter>
    </None>
  </ItemGroup>
</Project>